hash: 8a2268a85ce1f968ce26663f33dc31caac481cf2ecf5f2be1c1d81b9ee2d991f
updated: 2018-06-13T14:33:06.086699508Z
imports:
- name: github.com/fatih/color
  version: 2d684516a8861da43017284349b7e303e809ac21
- name: github.com/forj-oss/forjj-modules
  version: 45525459714d36e6eb5f3ee574e90997b81712cf
  subpackages:
  - trace
- name: github.com/forj-oss/utils
  version: b8752db00181e7eeb471a101f37679037adab18d
- name: github.com/kvz/logstreamer
  version: a635b98146f0f465f3413a0b8ec481f3698d3fc2
- name: github.com/mattn/go-colorable
  version: efa589957cd060542a26d2dd7832fd6a6c6c3ade
- name: github.com/mattn/go-isatty
  version: 6ca4dbf54d38eea1a992b3c722a76a5d1c4cb25c
- name: golang.org/x/sys
  version: a9e25c09b96b8870693763211309e213c6ef299d
  subpackages:
  - unix
testImports: []
